
Microsoft Visual Studio Solution File, Format Version 12.00
# Visual Studio Version 17
VisualStudioVersion = 17.2.32616.157
MinimumVisualStudioVersion = 10.0.40219.1
Project("{2150E333-8FDC-42A3-9474-1A3956D46DE8}") = "src", "src", "{5CA8AD77-1C45-402A-AA04-D964333B1193}"
EndProject
Project("{2150E333-8FDC-42A3-9474-1A3956D46DE8}") = "adapters", "adapters", "{0C032B19-9C37-482E-9396-2EAA3CA2A1A2}"
EndProject
Project("{2150E333-8FDC-42A3-9474-1A3956D46DE8}") = "core", "core", "{C2789C3A-F7C9-4B04-95C7-5D0052B3E04B}"
EndProject
Project("{2150E333-8FDC-42A3-9474-1A3956D46DE8}") = "driven", "driven", "{70852686-8B7D-4A69-A554-81608483C59A}"
EndProject
Project("{2150E333-8FDC-42A3-9474-1A3956D46DE8}") = "driving", "driving", "{1710EB6A-5BB0-462D-AB80-1B3CB986B021}"
EndProject
Project("{9A19103F-16F7-4668-BE54-9A1E7A4F7556}") = "Domain", "Domain\Domain.csproj", "{4EC35998-F90A-4983-8C5A-AF304A227F4C}"
EndProject
Project("{9A19103F-16F7-4668-BE54-9A1E7A4F7556}") = "Application", "Application\Application.csproj", "{D129FFBB-1ABA-4B8E-8842-0B38C5F6EC09}"
EndProject
Project("{9A19103F-16F7-4668-BE54-9A1E7A4F7556}") = "Api", "Api\Api.csproj", "{479F3E34-1E2F-49D0-96D5-ABC653704657}"
EndProject
Project("{9A19103F-16F7-4668-BE54-9A1E7A4F7556}") = "ConsoleApp", "ConsoleApp\ConsoleApp.csproj", "{FA9B5E76-E6FD-4736-B952-D75C1408E6EE}"
EndProject
Project("{9A19103F-16F7-4668-BE54-9A1E7A4F7556}") = "InMemoryDb", "InMemoryDb\InMemoryDb.csproj", "{92024BAB-4703-4933-87CB-0EF22EB6D1C7}"
EndProject
Global
	GlobalSection(SolutionConfigurationPlatforms) = preSolution
		Debug|Any CPU = Debug|Any CPU
		Release|Any CPU = Release|Any CPU
	EndGlobalSection
	GlobalSection(ProjectConfigurationPlatforms) = postSolution
		{4EC35998-F90A-4983-8C5A-AF304A227F4C}.Debug|Any CPU.ActiveCfg = Debug|Any CPU
		{4EC35998-F90A-4983-8C5A-AF304A227F4C}.Debug|Any CPU.Build.0 = Debug|Any CPU
		{4EC35998-F90A-4983-8C5A-AF304A227F4C}.Release|Any CPU.ActiveCfg = Release|Any CPU
		{4EC35998-F90A-4983-8C5A-AF304A227F4C}.Release|Any CPU.Build.0 = Release|Any CPU
		{D129FFBB-1ABA-4B8E-8842-0B38C5F6EC09}.Debug|Any CPU.ActiveCfg = Debug|Any CPU
		{D129FFBB-1ABA-4B8E-8842-0B38C5F6EC09}.Debug|Any CPU.Build.0 = Debug|Any CPU
		{D129FFBB-1ABA-4B8E-8842-0B38C5F6EC09}.Release|Any CPU.ActiveCfg = Release|Any CPU
		{D129FFBB-1ABA-4B8E-8842-0B38C5F6EC09}.Release|Any CPU.Build.0 = Release|Any CPU
		{479F3E34-1E2F-49D0-96D5-ABC653704657}.Debug|Any CPU.ActiveCfg = Debug|Any CPU
		{479F3E34-1E2F-49D0-96D5-ABC653704657}.Debug|Any CPU.Build.0 = Debug|Any CPU
		{479F3E34-1E2F-49D0-96D5-ABC653704657}.Release|Any CPU.ActiveCfg = Release|Any CPU
		{479F3E34-1E2F-49D0-96D5-ABC653704657}.Release|Any CPU.Build.0 = Release|Any CPU
		{FA9B5E76-E6FD-4736-B952-D75C1408E6EE}.Debug|Any CPU.ActiveCfg = Debug|Any CPU
		{FA9B5E76-E6FD-4736-B952-D75C1408E6EE}.Debug|Any CPU.Build.0 = Debug|Any CPU
		{FA9B5E76-E6FD-4736-B952-D75C1408E6EE}.Release|Any CPU.ActiveCfg = Release|Any CPU
		{FA9B5E76-E6FD-4736-B952-D75C1408E6EE}.Release|Any CPU.Build.0 = Release|Any CPU
		{92024BAB-4703-4933-87CB-0EF22EB6D1C7}.Debug|Any CPU.ActiveCfg = Debug|Any CPU
		{92024BAB-4703-4933-87CB-0EF22EB6D1C7}.Debug|Any CPU.Build.0 = Debug|Any CPU
		{92024BAB-4703-4933-87CB-0EF22EB6D1C7}.Release|Any CPU.ActiveCfg = Release|Any CPU
		{92024BAB-4703-4933-87CB-0EF22EB6D1C7}.Release|Any CPU.Build.0 = Release|Any CPU
	EndGlobalSection
	GlobalSection(SolutionProperties) = preSolution
		HideSolutionNode = FALSE
	EndGlobalSection
	GlobalSection(NestedProjects) = preSolution
		{0C032B19-9C37-482E-9396-2EAA3CA2A1A2} = {5CA8AD77-1C45-402A-AA04-D964333B1193}
		{C2789C3A-F7C9-4B04-95C7-5D0052B3E04B} = {5CA8AD77-1C45-402A-AA04-D964333B1193}
		{70852686-8B7D-4A69-A554-81608483C59A} = {0C032B19-9C37-482E-9396-2EAA3CA2A1A2}
		{1710EB6A-5BB0-462D-AB80-1B3CB986B021} = {0C032B19-9C37-482E-9396-2EAA3CA2A1A2}
		{4EC35998-F90A-4983-8C5A-AF304A227F4C} = {C2789C3A-F7C9-4B04-95C7-5D0052B3E04B}
		{D129FFBB-1ABA-4B8E-8842-0B38C5F6EC09} = {C2789C3A-F7C9-4B04-95C7-5D0052B3E04B}
		{479F3E34-1E2F-49D0-96D5-ABC653704657} = {1710EB6A-5BB0-462D-AB80-1B3CB986B021}
		{FA9B5E76-E6FD-4736-B952-D75C1408E6EE} = {1710EB6A-5BB0-462D-AB80-1B3CB986B021}
		{92024BAB-4703-4933-87CB-0EF22EB6D1C7} = {70852686-8B7D-4A69-A554-81608483C59A}
	EndGlobalSection
	GlobalSection(ExtensibilityGlobals) = postSolution
		SolutionGuid = {A67BEA3B-3F3F-4645-A4A6-6DA5E119D497}
	EndGlobalSection
EndGlobal
